
Microsoft Visual Studio Solution File, Format Version 12.00
# Visual Studio Version 17
VisualStudioVersion = 17.7.34202.233
MinimumVisualStudioVersion = 10.0.40219.1
Project("{FAE04EC0-301F-11D3-BF4B-00C04F79EFBC}") = "basics", "basics\basics.csproj", "{475FAAB8-63A9-4B58-8A26-01A473AF9595}"
EndProject
Global
	GlobalSection(SolutionConfigurationPlatforms) = preSolution
		Debug|Any CPU = Debug|Any CPU
		Release|Any CPU = Release|Any CPU
	EndGlobalSection
	GlobalSection(ProjectConfigurationPlatforms) = postSolution
		{475FAAB8-63A9-4B58-8A26-01A473AF9595}.Debug|Any CPU.ActiveCfg = Debug|Any CPU
		{475FAAB8-63A9-4B58-8A26-01A473AF9595}.Debug|Any CPU.Build.0 = Debug|Any CPU
		{475FAAB8-63A9-4B58-8A26-01A473AF9595}.Release|Any CPU.ActiveCfg = Release|Any CPU
		{475FAAB8-63A9-4B58-8A26-01A473AF9595}.Release|Any CPU.Build.0 = Release|Any CPU
	EndGlobalSection
	GlobalSection(SolutionProperties) = preSolution
		HideSolutionNode = FALSE
	EndGlobalSection
	GlobalSection(ExtensibilityGlobals) = postSolution
		SolutionGuid = {2C23D2EF-1161-4C1E-92F0-B18F5DCC4628}
	EndGlobalSection
EndGlobal
